
Microsoft Visual Studio Solution File, Format Version 9.00
# Visual Studio 2005
Project("{F184B08F-C81C-45F6-A57F-5ABD9991F28F}") = "Bank Charges", "Bank Charges\Bank Charges.vbproj", "{173A581D-97E8-4A3E-B5BB-3D82C73E65FD}"
EndProject
Global
	GlobalSection(SolutionConfigurationPlatforms) = preSolution
		Debug|Any CPU = Debug|Any CPU
		Release|Any CPU = Release|Any CPU
	EndGlobalSection
	GlobalSection(ProjectConfigurationPlatforms) = postSolution
		{173A581D-97E8-4A3E-B5BB-3D82C73E65FD}.Debug|Any CPU.ActiveCfg = Debug|Any CPU
		{173A581D-97E8-4A3E-B5BB-3D82C73E65FD}.Debug|Any CPU.Build.0 = Debug|Any CPU
		{173A581D-97E8-4A3E-B5BB-3D82C73E65FD}.Release|Any CPU.ActiveCfg = Release|Any CPU
		{173A581D-97E8-4A3E-B5BB-3D82C73E65FD}.Release|Any CPU.Build.0 = Release|Any CPU
	EndGlobalSection
	GlobalSection(SolutionProperties) = preSolution
		HideSolutionNode = FALSE
	EndGlobalSection
EndGlobal
